// !$*UTF8*$!
{
	archiveVersion = 1;
	classes = {
	};
	objectVersion = 50;
	objects = {

/* Begin PBXBuildFile section */
		102AF3EC21A04B30008CEE20 /* LoginViewModel.swift in Sources */ = {isa = PBXBuildFile; fileRef = 102AF3EB21A04B30008CEE20 /* LoginViewModel.swift */; };
		102AF3EF21A04CA3008CEE20 /* LoginDataController.swift in Sources */ = {isa = PBXBuildFile; fileRef = 102AF3EE21A04CA3008CEE20 /* LoginDataController.swift */; };
		102AF3F121A04CAE008CEE20 /* LoginDataProtocol.swift in Sources */ = {isa = PBXBuildFile; fileRef = 102AF3F021A04CAE008CEE20 /* LoginDataProtocol.swift */; };
		102AF3F321A05901008CEE20 /* User.swift in Sources */ = {isa = PBXBuildFile; fileRef = 102AF3F221A05901008CEE20 /* User.swift */; };
		102AF3F521A05AAE008CEE20 /* UIViewController+Keyboard.swift in Sources */ = {isa = PBXBuildFile; fileRef = 102AF3F421A05AAE008CEE20 /* UIViewController+Keyboard.swift */; };
		102AF3F721A05AFF008CEE20 /* SessionManager.swift in Sources */ = {isa = PBXBuildFile; fileRef = 102AF3F621A05AFF008CEE20 /* SessionManager.swift */; };
		102AF3F921A06763008CEE20 /* HTTPHeader.swift in Sources */ = {isa = PBXBuildFile; fileRef = 102AF3F821A06763008CEE20 /* HTTPHeader.swift */; };
		102AF3FB21A068E4008CEE20 /* AllEmployeesResponse.swift in Sources */ = {isa = PBXBuildFile; fileRef = 102AF3FA21A068E4008CEE20 /* AllEmployeesResponse.swift */; };
		102AF3FD21A0690A008CEE20 /* EmployeeResponse.swift in Sources */ = {isa = PBXBuildFile; fileRef = 102AF3FC21A0690A008CEE20 /* EmployeeResponse.swift */; };
		102AF3FF21A06B56008CEE20 /* AMError.swift in Sources */ = {isa = PBXBuildFile; fileRef = 102AF3FE21A06B56008CEE20 /* AMError.swift */; };
		102AF40121A06BCD008CEE20 /* Global.swift in Sources */ = {isa = PBXBuildFile; fileRef = 102AF40021A06BCD008CEE20 /* Global.swift */; };
		102AF40321A06CDF008CEE20 /* Error+Additions.swift in Sources */ = {isa = PBXBuildFile; fileRef = 102AF40221A06CDF008CEE20 /* Error+Additions.swift */; };
		104CF486219F59CE00CD8942 /* AppDelegate.swift in Sources */ = {isa = PBXBuildFile; fileRef = 104CF485219F59CE00CD8942 /* AppDelegate.swift */; };
		104CF488219F59CE00CD8942 /* LoginViewController.swift in Sources */ = {isa = PBXBuildFile; fileRef = 104CF487219F59CE00CD8942 /* LoginViewController.swift */; };
		104CF48B219F59CE00CD8942 /* Login.storyboard in Resources */ = {isa = PBXBuildFile; fileRef = 104CF489219F59CE00CD8942 /* Login.storyboard */; };
		104CF48D219F59CF00CD8942 /* Assets.xcassets in Resources */ = {isa = PBXBuildFile; fileRef = 104CF48C219F59CF00CD8942 /* Assets.xcassets */; };
		104CF490219F59CF00CD8942 /* LaunchScreen.storyboard in Resources */ = {isa = PBXBuildFile; fileRef = 104CF48E219F59CF00CD8942 /* LaunchScreen.storyboard */; };
		104CF49B219F59CF00CD8942 /* AssetManagementTests.swift in Sources */ = {isa = PBXBuildFile; fileRef = 104CF49A219F59CF00CD8942 /* AssetManagementTests.swift */; };
		104CF4B0219F5F3800CD8942 /* ErrorHandler.swift in Sources */ = {isa = PBXBuildFile; fileRef = 104CF4AF219F5F3800CD8942 /* ErrorHandler.swift */; };
		104CF4B2219F5F4B00CD8942 /* Network.swift in Sources */ = {isa = PBXBuildFile; fileRef = 104CF4B1219F5F4B00CD8942 /* Network.swift */; };
		104CF4B4219F5F5800CD8942 /* Response.swift in Sources */ = {isa = PBXBuildFile; fileRef = 104CF4B3219F5F5800CD8942 /* Response.swift */; };
		104CF4B7219F5F7500CD8942 /* NetworkManager.swift in Sources */ = {isa = PBXBuildFile; fileRef = 104CF4B6219F5F7500CD8942 /* NetworkManager.swift */; };
		104CF4B9219F5F8900CD8942 /* ServiceManager.swift in Sources */ = {isa = PBXBuildFile; fileRef = 104CF4B8219F5F8900CD8942 /* ServiceManager.swift */; };
		104CF4BC219F5FBC00CD8942 /* APIClient.swift in Sources */ = {isa = PBXBuildFile; fileRef = 104CF4BB219F5FBC00CD8942 /* APIClient.swift */; };
		104CF4BE219F5FC700CD8942 /* APIRouter.swift in Sources */ = {isa = PBXBuildFile; fileRef = 104CF4BD219F5FC700CD8942 /* APIRouter.swift */; };
		104CF4C1219F6A6000CD8942 /* LoginRequest.swift in Sources */ = {isa = PBXBuildFile; fileRef = 104CF4C0219F6A6000CD8942 /* LoginRequest.swift */; };
		104CF4C3219F70CF00CD8942 /* Dictionary+JSON.swift in Sources */ = {isa = PBXBuildFile; fileRef = 104CF4C2219F70CF00CD8942 /* Dictionary+JSON.swift */; };
		104CF4C6219F721300CD8942 /* LoginResponse.swift in Sources */ = {isa = PBXBuildFile; fileRef = 104CF4C5219F721300CD8942 /* LoginResponse.swift */; };
		539C8D1FFF6C5EA1DE10188F /* Pods_AssetManagement.framework in Frameworks */ = {isa = PBXBuildFile; fileRef = 0C4E1D4C3AAC6023B72CE6B4 /* Pods_AssetManagement.framework */; };
/* End PBXBuildFile section */

/* Begin PBXContainerItemProxy section */
		104CF497219F59CF00CD8942 /* PBXContainerItemProxy */ = {
			isa = PBXContainerItemProxy;
			containerPortal = 104CF47A219F59CE00CD8942 /* Project object */;
			proxyType = 1;
			remoteGlobalIDString = 104CF481219F59CE00CD8942;
			remoteInfo = AssetManagement;
		};
/* End PBXContainerItemProxy section */

/* Begin PBXFileReference section */
		0C4E1D4C3AAC6023B72CE6B4 /* Pods_AssetManagement.framework */ = {isa = PBXFileReference; explicitFileType = wrapper.framework; includeInIndex = 0; path = Pods_AssetManagement.framework; sourceTree = BUILT_PRODUCTS_DIR; };
		102AF3EB21A04B30008CEE20 /* LoginViewModel.swift */ = {isa = PBXFileReference; lastKnownFileType = sourcecode.swift; path = LoginViewModel.swift; sourceTree = "<group>"; };
		102AF3EE21A04CA3008CEE20 /* LoginDataController.swift */ = {isa = PBXFileReference; lastKnownFileType = sourcecode.swift; path = LoginDataController.swift; sourceTree = "<group>"; };
		102AF3F021A04CAE008CEE20 /* LoginDataProtocol.swift */ = {isa = PBXFileReference; lastKnownFileType = sourcecode.swift; path = LoginDataProtocol.swift; sourceTree = "<group>"; };
		102AF3F221A05901008CEE20 /* User.swift */ = {isa = PBXFileReference; lastKnownFileType = sourcecode.swift; path = User.swift; sourceTree = "<group>"; };
		102AF3F421A05AAE008CEE20 /* UIViewController+Keyboard.swift */ = {isa = PBXFileReference; lastKnownFileType = sourcecode.swift; path = "UIViewController+Keyboard.swift"; sourceTree = "<group>"; };
		102AF3F621A05AFF008CEE20 /* SessionManager.swift */ = {isa = PBXFileReference; lastKnownFileType = sourcecode.swift; path = SessionManager.swift; sourceTree = "<group>"; };
		102AF3F821A06763008CEE20 /* HTTPHeader.swift */ = {isa = PBXFileReference; lastKnownFileType = sourcecode.swift; path = HTTPHeader.swift; sourceTree = "<group>"; };
		102AF3FA21A068E4008CEE20 /* AllEmployeesResponse.swift */ = {isa = PBXFileReference; lastKnownFileType = sourcecode.swift; path = AllEmployeesResponse.swift; sourceTree = "<group>"; };
		102AF3FC21A0690A008CEE20 /* EmployeeResponse.swift */ = {isa = PBXFileReference; lastKnownFileType = sourcecode.swift; path = EmployeeResponse.swift; sourceTree = "<group>"; };
		102AF3FE21A06B56008CEE20 /* AMError.swift */ = {isa = PBXFileReference; lastKnownFileType = sourcecode.swift; path = AMError.swift; sourceTree = "<group>"; };
		102AF40021A06BCD008CEE20 /* Global.swift */ = {isa = PBXFileReference; lastKnownFileType = sourcecode.swift; path = Global.swift; sourceTree = "<group>"; };
		102AF40221A06CDF008CEE20 /* Error+Additions.swift */ = {isa = PBXFileReference; lastKnownFileType = sourcecode.swift; path = "Error+Additions.swift"; sourceTree = "<group>"; };
		104CF482219F59CE00CD8942 /* AssetManagement.app */ = {isa = PBXFileReference; explicitFileType = wrapper.application; includeInIndex = 0; path = AssetManagement.app; sourceTree = BUILT_PRODUCTS_DIR; };
		104CF485219F59CE00CD8942 /* AppDelegate.swift */ = {isa = PBXFileReference; lastKnownFileType = sourcecode.swift; path = AppDelegate.swift; sourceTree = "<group>"; };
		104CF487219F59CE00CD8942 /* LoginViewController.swift */ = {isa = PBXFileReference; lastKnownFileType = sourcecode.swift; path = LoginViewController.swift; sourceTree = "<group>"; };
		104CF48A219F59CE00CD8942 /* Base */ = {isa = PBXFileReference; lastKnownFileType = file.storyboard; name = Base; path = Base.lproj/Login.storyboard; sourceTree = "<group>"; };
		104CF48C219F59CF00CD8942 /* Assets.xcassets */ = {isa = PBXFileReference; lastKnownFileType = folder.assetcatalog; path = Assets.xcassets; sourceTree = "<group>"; };
		104CF48F219F59CF00CD8942 /* Base */ = {isa = PBXFileReference; lastKnownFileType = file.storyboard; name = Base; path = Base.lproj/LaunchScreen.storyboard; sourceTree = "<group>"; };
		104CF491219F59CF00CD8942 /* Info.plist */ = {isa = PBXFileReference; lastKnownFileType = text.plist.xml; path = Info.plist; sourceTree = "<group>"; };
		104CF496219F59CF00CD8942 /* AssetManagementTests.xctest */ = {isa = PBXFileReference; explicitFileType = wrapper.cfbundle; includeInIndex = 0; path = AssetManagementTests.xctest; sourceTree = BUILT_PRODUCTS_DIR; };
		104CF49A219F59CF00CD8942 /* AssetManagementTests.swift */ = {isa = PBXFileReference; lastKnownFileType = sourcecode.swift; path = AssetManagementTests.swift; sourceTree = "<group>"; };
		104CF49C219F59CF00CD8942 /* Info.plist */ = {isa = PBXFileReference; lastKnownFileType = text.plist.xml; path = Info.plist; sourceTree = "<group>"; };
		104CF4AF219F5F3800CD8942 /* ErrorHandler.swift */ = {isa = PBXFileReference; lastKnownFileType = sourcecode.swift; path = ErrorHandler.swift; sourceTree = "<group>"; };
		104CF4B1219F5F4B00CD8942 /* Network.swift */ = {isa = PBXFileReference; lastKnownFileType = sourcecode.swift; path = Network.swift; sourceTree = "<group>"; };
		104CF4B3219F5F5800CD8942 /* Response.swift */ = {isa = PBXFileReference; lastKnownFileType = sourcecode.swift; path = Response.swift; sourceTree = "<group>"; };
		104CF4B6219F5F7500CD8942 /* NetworkManager.swift */ = {isa = PBXFileReference; lastKnownFileType = sourcecode.swift; path = NetworkManager.swift; sourceTree = "<group>"; };
		104CF4B8219F5F8900CD8942 /* ServiceManager.swift */ = {isa = PBXFileReference; lastKnownFileType = sourcecode.swift; path = ServiceManager.swift; sourceTree = "<group>"; };
		104CF4BB219F5FBC00CD8942 /* APIClient.swift */ = {isa = PBXFileReference; lastKnownFileType = sourcecode.swift; path = APIClient.swift; sourceTree = "<group>"; };
		104CF4BD219F5FC700CD8942 /* APIRouter.swift */ = {isa = PBXFileReference; lastKnownFileType = sourcecode.swift; path = APIRouter.swift; sourceTree = "<group>"; };
		104CF4C0219F6A6000CD8942 /* LoginRequest.swift */ = {isa = PBXFileReference; lastKnownFileType = sourcecode.swift; path = LoginRequest.swift; sourceTree = "<group>"; };
		104CF4C2219F70CF00CD8942 /* Dictionary+JSON.swift */ = {isa = PBXFileReference; lastKnownFileType = sourcecode.swift; path = "Dictionary+JSON.swift"; sourceTree = "<group>"; };
		104CF4C5219F721300CD8942 /* LoginResponse.swift */ = {isa = PBXFileReference; lastKnownFileType = sourcecode.swift; path = LoginResponse.swift; sourceTree = "<group>"; };
		5855CB078C085CB62A4B62EA /* Pods-AssetManagement.release.xcconfig */ = {isa = PBXFileReference; includeInIndex = 1; lastKnownFileType = text.xcconfig; name = "Pods-AssetManagement.release.xcconfig"; path = "Pods/Target Support Files/Pods-AssetManagement/Pods-AssetManagement.release.xcconfig"; sourceTree = "<group>"; };
		A7D690FD40D622887FC5F808 /* Pods-AssetManagement.debug.xcconfig */ = {isa = PBXFileReference; includeInIndex = 1; lastKnownFileType = text.xcconfig; name = "Pods-AssetManagement.debug.xcconfig"; path = "Pods/Target Support Files/Pods-AssetManagement/Pods-AssetManagement.debug.xcconfig"; sourceTree = "<group>"; };
/* End PBXFileReference section */

/* Begin PBXFrameworksBuildPhase section */
		104CF47F219F59CE00CD8942 /* Frameworks */ = {
			isa = PBXFrameworksBuildPhase;
			buildActionMask = 2147483647;
			files = (
				539C8D1FFF6C5EA1DE10188F /* Pods_AssetManagement.framework in Frameworks */,
			);
			runOnlyForDeploymentPostprocessing = 0;
		};
		104CF493219F59CF00CD8942 /* Frameworks */ = {
			isa = PBXFrameworksBuildPhase;
			buildActionMask = 2147483647;
			files = (
			);
			runOnlyForDeploymentPostprocessing = 0;
		};
/* End PBXFrameworksBuildPhase section */

/* Begin PBXGroup section */
		102AF3EA21A04890008CEE20 /* Login */ = {
			isa = PBXGroup;
			children = (
				102AF3ED21A04C94008CEE20 /* Network */,
				104CF487219F59CE00CD8942 /* LoginViewController.swift */,
				102AF3EB21A04B30008CEE20 /* LoginViewModel.swift */,
			);
			path = Login;
			sourceTree = "<group>";
		};
		102AF3ED21A04C94008CEE20 /* Network */ = {
			isa = PBXGroup;
			children = (
				102AF3EE21A04CA3008CEE20 /* LoginDataController.swift */,
				102AF3F021A04CAE008CEE20 /* LoginDataProtocol.swift */,
			);
			path = Network;
			sourceTree = "<group>";
		};
		104CF479219F59CE00CD8942 = {
			isa = PBXGroup;
			children = (
				104CF484219F59CE00CD8942 /* AssetManagement */,
				104CF499219F59CF00CD8942 /* AssetManagementTests */,
				104CF483219F59CE00CD8942 /* Products */,
				C1588CB30170A5B674AFCD06 /* Pods */,
				FE71FAB3014B478C574B9588 /* Frameworks */,
			);
			sourceTree = "<group>";
		};
		104CF483219F59CE00CD8942 /* Products */ = {
			isa = PBXGroup;
			children = (
				104CF482219F59CE00CD8942 /* AssetManagement.app */,
				104CF496219F59CF00CD8942 /* AssetManagementTests.xctest */,
			);
			name = Products;
			sourceTree = "<group>";
		};
		104CF484219F59CE00CD8942 /* AssetManagement */ = {
			isa = PBXGroup;
			children = (
				104CF485219F59CE00CD8942 /* AppDelegate.swift */,
				102AF40021A06BCD008CEE20 /* Global.swift */,
				104CF4AB219F5BC500CD8942 /* Extensions */,
				104CF4A9219F5BB600CD8942 /* Models */,
				104CF4A6219F5B3F00CD8942 /* Network */,
				104CF4AA219F5BC000CD8942 /* Protocols */,
				104CF4A5219F5B3900CD8942 /* Resources */,
				104CF4A7219F5B4300CD8942 /* Scenes */,
				104CF4A8219F5B5200CD8942 /* Storyboards */,
				104CF4AC219F5BF900CD8942 /* Styling */,
			);
			path = AssetManagement;
			sourceTree = "<group>";
		};
		104CF499219F59CF00CD8942 /* AssetManagementTests */ = {
			isa = PBXGroup;
			children = (
				104CF49A219F59CF00CD8942 /* AssetManagementTests.swift */,
				104CF49C219F59CF00CD8942 /* Info.plist */,
			);
			path = AssetManagementTests;
			sourceTree = "<group>";
		};
		104CF4A5219F5B3900CD8942 /* Resources */ = {
			isa = PBXGroup;
			children = (
				104CF491219F59CF00CD8942 /* Info.plist */,
				104CF48C219F59CF00CD8942 /* Assets.xcassets */,
			);
			path = Resources;
			sourceTree = "<group>";
		};
		104CF4A6219F5B3F00CD8942 /* Network */ = {
			isa = PBXGroup;
			children = (
				104CF4AF219F5F3800CD8942 /* ErrorHandler.swift */,
				104CF4B1219F5F4B00CD8942 /* Network.swift */,
				104CF4B3219F5F5800CD8942 /* Response.swift */,
				104CF4B5219F5F6200CD8942 /* Managers */,
				104CF4BA219F5FA500CD8942 /* Service */,
			);
			path = Network;
			sourceTree = "<group>";
		};
		104CF4A7219F5B4300CD8942 /* Scenes */ = {
			isa = PBXGroup;
			children = (
				102AF3EA21A04890008CEE20 /* Login */,
			);
			path = Scenes;
			sourceTree = "<group>";
		};
		104CF4A8219F5B5200CD8942 /* Storyboards */ = {
			isa = PBXGroup;
			children = (
				104CF489219F59CE00CD8942 /* Login.storyboard */,
				104CF48E219F59CF00CD8942 /* LaunchScreen.storyboard */,
			);
			path = Storyboards;
			sourceTree = "<group>";
		};
		104CF4A9219F5BB600CD8942 /* Models */ = {
			isa = PBXGroup;
			children = (
				102AF3F221A05901008CEE20 /* User.swift */,
				102AF3FE21A06B56008CEE20 /* AMError.swift */,
			);
			path = Models;
			sourceTree = "<group>";
		};
		104CF4AA219F5BC000CD8942 /* Protocols */ = {
			isa = PBXGroup;
			children = (
			);
			path = Protocols;
			sourceTree = "<group>";
		};
		104CF4AB219F5BC500CD8942 /* Extensions */ = {
			isa = PBXGroup;
			children = (
				104CF4C2219F70CF00CD8942 /* Dictionary+JSON.swift */,
				102AF40221A06CDF008CEE20 /* Error+Additions.swift */,
				102AF3F421A05AAE008CEE20 /* UIViewController+Keyboard.swift */,
			);
			path = Extensions;
			sourceTree = "<group>";
		};
		104CF4AC219F5BF900CD8942 /* Styling */ = {
			isa = PBXGroup;
			children = (
			);
			path = Styling;
			sourceTree = "<group>";
		};
		104CF4B5219F5F6200CD8942 /* Managers */ = {
			isa = PBXGroup;
			children = (
				104CF4B6219F5F7500CD8942 /* NetworkManager.swift */,
				104CF4B8219F5F8900CD8942 /* ServiceManager.swift */,
				102AF3F621A05AFF008CEE20 /* SessionManager.swift */,
			);
			path = Managers;
			sourceTree = "<group>";
		};
		104CF4BA219F5FA500CD8942 /* Service */ = {
			isa = PBXGroup;
			children = (
				104CF4BF219F6A5300CD8942 /* Request */,
				104CF4C4219F720400CD8942 /* Response */,
				104CF4BB219F5FBC00CD8942 /* APIClient.swift */,
				104CF4BD219F5FC700CD8942 /* APIRouter.swift */,
				102AF3F821A06763008CEE20 /* HTTPHeader.swift */,
			);
			path = Service;
			sourceTree = "<group>";
		};
		104CF4BF219F6A5300CD8942 /* Request */ = {
			isa = PBXGroup;
			children = (
				104CF4C0219F6A6000CD8942 /* LoginRequest.swift */,
			);
			path = Request;
			sourceTree = "<group>";
		};
		104CF4C4219F720400CD8942 /* Response */ = {
			isa = PBXGroup;
			children = (
				102AF3FA21A068E4008CEE20 /* AllEmployeesResponse.swift */,
				102AF3FC21A0690A008CEE20 /* EmployeeResponse.swift */,
				104CF4C5219F721300CD8942 /* LoginResponse.swift */,
			);
			path = Response;
			sourceTree = "<group>";
		};
		C1588CB30170A5B674AFCD06 /* Pods */ = {
			isa = PBXGroup;
			children = (
				A7D690FD40D622887FC5F808 /* Pods-AssetManagement.debug.xcconfig */,
				5855CB078C085CB62A4B62EA /* Pods-AssetManagement.release.xcconfig */,
			);
			name = Pods;
			sourceTree = "<group>";
		};
		FE71FAB3014B478C574B9588 /* Frameworks */ = {
			isa = PBXGroup;
			children = (
				0C4E1D4C3AAC6023B72CE6B4 /* Pods_AssetManagement.framework */,
			);
			name = Frameworks;
			sourceTree = "<group>";
		};
/* End PBXGroup section */

/* Begin PBXNativeTarget section */
		104CF481219F59CE00CD8942 /* AssetManagement */ = {
			isa = PBXNativeTarget;
			buildConfigurationList = 104CF49F219F59CF00CD8942 /* Build configuration list for PBXNativeTarget "AssetManagement" */;
			buildPhases = (
				B55C22B7BBB4F16B07E6BA0A /* [CP] Check Pods Manifest.lock */,
				104CF47E219F59CE00CD8942 /* Sources */,
				104CF47F219F59CE00CD8942 /* Frameworks */,
				104CF480219F59CE00CD8942 /* Resources */,
				2355347E432338CDA965E6C1 /* [CP] Embed Pods Frameworks */,
			);
			buildRules = (
			);
			dependencies = (
			);
			name = AssetManagement;
			productName = AssetManagement;
			productReference = 104CF482219F59CE00CD8942 /* AssetManagement.app */;
			productType = "com.apple.product-type.application";
		};
		104CF495219F59CF00CD8942 /* AssetManagementTests */ = {
			isa = PBXNativeTarget;
			buildConfigurationList = 104CF4A2219F59CF00CD8942 /* Build configuration list for PBXNativeTarget "AssetManagementTests" */;
			buildPhases = (
				104CF492219F59CF00CD8942 /* Sources */,
				104CF493219F59CF00CD8942 /* Frameworks */,
				104CF494219F59CF00CD8942 /* Resources */,
			);
			buildRules = (
			);
			dependencies = (
				104CF498219F59CF00CD8942 /* PBXTargetDependency */,
			);
			name = AssetManagementTests;
			productName = AssetManagementTests;
			productReference = 104CF496219F59CF00CD8942 /* AssetManagementTests.xctest */;
			productType = "com.apple.product-type.bundle.unit-test";
		};
/* End PBXNativeTarget section */

/* Begin PBXProject section */
		104CF47A219F59CE00CD8942 /* Project object */ = {
			isa = PBXProject;
			attributes = {
				LastSwiftUpdateCheck = 1000;
				LastUpgradeCheck = 1000;
				ORGANIZATIONNAME = "Onur Torna";
				TargetAttributes = {
					104CF481219F59CE00CD8942 = {
						CreatedOnToolsVersion = 10.0;
					};
					104CF495219F59CF00CD8942 = {
						CreatedOnToolsVersion = 10.0;
						TestTargetID = 104CF481219F59CE00CD8942;
					};
				};
			};
			buildConfigurationList = 104CF47D219F59CE00CD8942 /* Build configuration list for PBXProject "AssetManagement" */;
			compatibilityVersion = "Xcode 9.3";
			developmentRegion = en;
			hasScannedForEncodings = 0;
			knownRegions = (
				en,
				Base,
			);
			mainGroup = 104CF479219F59CE00CD8942;
			productRefGroup = 104CF483219F59CE00CD8942 /* Products */;
			projectDirPath = "";
			projectRoot = "";
			targets = (
				104CF481219F59CE00CD8942 /* AssetManagement */,
				104CF495219F59CF00CD8942 /* AssetManagementTests */,
			);
		};
/* End PBXProject section */

/* Begin PBXResourcesBuildPhase section */
		104CF480219F59CE00CD8942 /* Resources */ = {
			isa = PBXResourcesBuildPhase;
			buildActionMask = 2147483647;
			files = (
				104CF490219F59CF00CD8942 /* LaunchScreen.storyboard in Resources */,
				104CF48D219F59CF00CD8942 /* Assets.xcassets in Resources */,
				104CF48B219F59CE00CD8942 /* Login.storyboard in Resources */,
			);
			runOnlyForDeploymentPostprocessing = 0;
		};
		104CF494219F59CF00CD8942 /* Resources */ = {
			isa = PBXResourcesBuildPhase;
			buildActionMask = 2147483647;
			files = (
			);
			runOnlyForDeploymentPostprocessing = 0;
		};
/* End PBXResourcesBuildPhase section */

/* Begin PBXShellScriptBuildPhase section */
		2355347E432338CDA965E6C1 /* [CP] Embed Pods Frameworks */ = {
			isa = PBXShellScriptBuildPhase;
			buildActionMask = 2147483647;
			files = (
			);
			inputFileListPaths = (
			);
			inputPaths = (
				"${SRCROOT}/Pods/Target Support Files/Pods-AssetManagement/Pods-AssetManagement-frameworks.sh",
				"${BUILT_PRODUCTS_DIR}/Alamofire/Alamofire.framework",
			);
			name = "[CP] Embed Pods Frameworks";
			outputFileListPaths = (
			);
			outputPaths = (
				"${TARGET_BUILD_DIR}/${FRAMEWORKS_FOLDER_PATH}/Alamofire.framework",
			);
			runOnlyForDeploymentPostprocessing = 0;
			shellPath = /bin/sh;
			shellScript = "\"${SRCROOT}/Pods/Target Support Files/Pods-AssetManagement/Pods-AssetManagement-frameworks.sh\"\n";
			showEnvVarsInLog = 0;
		};
		B55C22B7BBB4F16B07E6BA0A /* [CP] Check Pods Manifest.lock */ = {
			isa = PBXShellScriptBuildPhase;
			buildActionMask = 2147483647;
			files = (
			);
			inputFileListPaths = (
			);
			inputPaths = (
				"${PODS_PODFILE_DIR_PATH}/Podfile.lock",
				"${PODS_ROOT}/Manifest.lock",
			);
			name = "[CP] Check Pods Manifest.lock";
			outputFileListPaths = (
			);
			outputPaths = (
				"$(DERIVED_FILE_DIR)/Pods-AssetManagement-checkManifestLockResult.txt",
			);
			runOnlyForDeploymentPostprocessing = 0;
			shellPath = /bin/sh;
			shellScript = "diff \"${PODS_PODFILE_DIR_PATH}/Podfile.lock\" \"${PODS_ROOT}/Manifest.lock\" > /dev/null\nif [ $? != 0 ] ; then\n    # print error to STDERR\n    echo \"error: The sandbox is not in sync with the Podfile.lock. Run 'pod install' or update your CocoaPods installation.\" >&2\n    exit 1\nfi\n# This output is used by Xcode 'outputs' to avoid re-running this script phase.\necho \"SUCCESS\" > \"${SCRIPT_OUTPUT_FILE_0}\"\n";
			showEnvVarsInLog = 0;
		};
/* End PBXShellScriptBuildPhase section */

/* Begin PBXSourcesBuildPhase section */
		104CF47E219F59CE00CD8942 /* Sources */ = {
			isa = PBXSourcesBuildPhase;
			buildActionMask = 2147483647;
			files = (
				102AF3F521A05AAE008CEE20 /* UIViewController+Keyboard.swift in Sources */,
				104CF4B7219F5F7500CD8942 /* NetworkManager.swift in Sources */,
				102AF3FF21A06B56008CEE20 /* AMError.swift in Sources */,
				102AF3F721A05AFF008CEE20 /* SessionManager.swift in Sources */,
				102AF40321A06CDF008CEE20 /* Error+Additions.swift in Sources */,
				102AF3EF21A04CA3008CEE20 /* LoginDataController.swift in Sources */,
				104CF4BE219F5FC700CD8942 /* APIRouter.swift in Sources */,
				104CF4C6219F721300CD8942 /* LoginResponse.swift in Sources */,
				102AF40121A06BCD008CEE20 /* Global.swift in Sources */,
				102AF3F321A05901008CEE20 /* User.swift in Sources */,
				104CF4B0219F5F3800CD8942 /* ErrorHandler.swift in Sources */,
				102AF3FB21A068E4008CEE20 /* AllEmployeesResponse.swift in Sources */,
				104CF4C1219F6A6000CD8942 /* LoginRequest.swift in Sources */,
				104CF488219F59CE00CD8942 /* LoginViewController.swift in Sources */,
				104CF4BC219F5FBC00CD8942 /* APIClient.swift in Sources */,
				104CF4B2219F5F4B00CD8942 /* Network.swift in Sources */,
				102AF3EC21A04B30008CEE20 /* LoginViewModel.swift in Sources */,
				104CF486219F59CE00CD8942 /* AppDelegate.swift in Sources */,
				104CF4B9219F5F8900CD8942 /* ServiceManager.swift in Sources */,
				102AF3F121A04CAE008CEE20 /* LoginDataProtocol.swift in Sources */,
				104CF4B4219F5F5800CD8942 /* Response.swift in Sources */,
				102AF3F921A06763008CEE20 /* HTTPHeader.swift in Sources */,
				102AF3FD21A0690A008CEE20 /* EmployeeResponse.swift in Sources */,
				104CF4C3219F70CF00CD8942 /* Dictionary+JSON.swift in Sources */,
			);
			runOnlyForDeploymentPostprocessing = 0;
		};
		104CF492219F59CF00CD8942 /* Sources */ = {
			isa = PBXSourcesBuildPhase;
			buildActionMask = 2147483647;
			files = (
				104CF49B219F59CF00CD8942 /* AssetManagementTests.swift in Sources */,
			);
			runOnlyForDeploymentPostprocessing = 0;
		};
/* End PBXSourcesBuildPhase section */

/* Begin PBXTargetDependency section */
		104CF498219F59CF00CD8942 /* PBXTargetDependency */ = {
			isa = PBXTargetDependency;
			target = 104CF481219F59CE00CD8942 /* AssetManagement */;
			targetProxy = 104CF497219F59CF00CD8942 /* PBXContainerItemProxy */;
		};
/* End PBXTargetDependency section */

/* Begin PBXVariantGroup section */
		104CF489219F59CE00CD8942 /* Login.storyboard */ = {
			isa = PBXVariantGroup;
			children = (
				104CF48A219F59CE00CD8942 /* Base */,
			);
			name = Login.storyboard;
			sourceTree = "<group>";
		};
		104CF48E219F59CF00CD8942 /* LaunchScreen.storyboard */ = {
			isa = PBXVariantGroup;
			children = (
				104CF48F219F59CF00CD8942 /* Base */,
			);
			name = LaunchScreen.storyboard;
			sourceTree = "<group>";
		};
/* End PBXVariantGroup section */

/* Begin XCBuildConfiguration section */
		104CF49D219F59CF00CD8942 /* Debug */ = {
			isa = XCBuildConfiguration;
			buildSettings = {
				ALWAYS_SEARCH_USER_PATHS = NO;
				CLANG_ANALYZER_NONNULL = YES;
				CLANG_ANALYZER_NUMBER_OBJECT_CONVERSION = YES_AGGRESSIVE;
				CLANG_CXX_LANGUAGE_STANDARD = "gnu++14";
				CLANG_CXX_LIBRARY = "libc++";
				CLANG_ENABLE_MODULES = YES;
				CLANG_ENABLE_OBJC_ARC = YES;
				CLANG_ENABLE_OBJC_WEAK = YES;
				CLANG_WARN_BLOCK_CAPTURE_AUTORELEASING = YES;
				CLANG_WARN_BOOL_CONVERSION = YES;
				CLANG_WARN_COMMA = YES;
				CLANG_WARN_CONSTANT_CONVERSION = YES;
				CLANG_WARN_DEPRECATED_OBJC_IMPLEMENTATIONS = YES;
				CLANG_WARN_DIRECT_OBJC_ISA_USAGE = YES_ERROR;
				CLANG_WARN_DOCUMENTATION_COMMENTS = YES;
				CLANG_WARN_EMPTY_BODY = YES;
				CLANG_WARN_ENUM_CONVERSION = YES;
				CLANG_WARN_INFINITE_RECURSION = YES;
				CLANG_WARN_INT_CONVERSION = YES;
				CLANG_WARN_NON_LITERAL_NULL_CONVERSION = YES;
				CLANG_WARN_OBJC_IMPLICIT_RETAIN_SELF = YES;
				CLANG_WARN_OBJC_LITERAL_CONVERSION = YES;
				CLANG_WARN_OBJC_ROOT_CLASS = YES_ERROR;
				CLANG_WARN_RANGE_LOOP_ANALYSIS = YES;
				CLANG_WARN_STRICT_PROTOTYPES = YES;
				CLANG_WARN_SUSPICIOUS_MOVE = YES;
				CLANG_WARN_UNGUARDED_AVAILABILITY = YES_AGGRESSIVE;
				CLANG_WARN_UNREACHABLE_CODE = YES;
				CLANG_WARN__DUPLICATE_METHOD_MATCH = YES;
				CODE_SIGN_IDENTITY = "iPhone Developer";
				COPY_PHASE_STRIP = NO;
				DEBUG_INFORMATION_FORMAT = dwarf;
				ENABLE_STRICT_OBJC_MSGSEND = YES;
				ENABLE_TESTABILITY = YES;
				GCC_C_LANGUAGE_STANDARD = gnu11;
				GCC_DYNAMIC_NO_PIC = NO;
				GCC_NO_COMMON_BLOCKS = YES;
				GCC_OPTIMIZATION_LEVEL = 0;
				GCC_PREPROCESSOR_DEFINITIONS = (
					"DEBUG=1",
					"$(inherited)",
				);
				GCC_WARN_64_TO_32_BIT_CONVERSION = YES;
				GCC_WARN_ABOUT_RETURN_TYPE = YES_ERROR;
				GCC_WARN_UNDECLARED_SELECTOR = YES;
				GCC_WARN_UNINITIALIZED_AUTOS = YES_AGGRESSIVE;
				GCC_WARN_UNUSED_FUNCTION = YES;
				GCC_WARN_UNUSED_VARIABLE = YES;
				IPHONEOS_DEPLOYMENT_TARGET = 11.0;
				MTL_ENABLE_DEBUG_INFO = INCLUDE_SOURCE;
				MTL_FAST_MATH = YES;
				ONLY_ACTIVE_ARCH = YES;
				SDKROOT = iphoneos;
				SWIFT_ACTIVE_COMPILATION_CONDITIONS = DEBUG;
				SWIFT_OPTIMIZATION_LEVEL = "-Onone";
			};
			name = Debug;
		};
		104CF49E219F59CF00CD8942 /* Release */ = {
			isa = XCBuildConfiguration;
			buildSettings = {
				ALWAYS_SEARCH_USER_PATHS = NO;
				CLANG_ANALYZER_NONNULL = YES;
				CLANG_ANALYZER_NUMBER_OBJECT_CONVERSION = YES_AGGRESSIVE;
				CLANG_CXX_LANGUAGE_STANDARD = "gnu++14";
				CLANG_CXX_LIBRARY = "libc++";
				CLANG_ENABLE_MODULES = YES;
				CLANG_ENABLE_OBJC_ARC = YES;
				CLANG_ENABLE_OBJC_WEAK = YES;
				CLANG_WARN_BLOCK_CAPTURE_AUTORELEASING = YES;
				CLANG_WARN_BOOL_CONVERSION = YES;
				CLANG_WARN_COMMA = YES;
				CLANG_WARN_CONSTANT_CONVERSION = YES;
				CLANG_WARN_DEPRECATED_OBJC_IMPLEMENTATIONS = YES;
				CLANG_WARN_DIRECT_OBJC_ISA_USAGE = YES_ERROR;
				CLANG_WARN_DOCUMENTATION_COMMENTS = YES;
				CLANG_WARN_EMPTY_BODY = YES;
				CLANG_WARN_ENUM_CONVERSION = YES;
				CLANG_WARN_INFINITE_RECURSION = YES;
				CLANG_WARN_INT_CONVERSION = YES;
				CLANG_WARN_NON_LITERAL_NULL_CONVERSION = YES;
				CLANG_WARN_OBJC_IMPLICIT_RETAIN_SELF = YES;
				CLANG_WARN_OBJC_LITERAL_CONVERSION = YES;
				CLANG_WARN_OBJC_ROOT_CLASS = YES_ERROR;
				CLANG_WARN_RANGE_LOOP_ANALYSIS = YES;
				CLANG_WARN_STRICT_PROTOTYPES = YES;
				CLANG_WARN_SUSPICIOUS_MOVE = YES;
				CLANG_WARN_UNGUARDED_AVAILABILITY = YES_AGGRESSIVE;
				CLANG_WARN_UNREACHABLE_CODE = YES;
				CLANG_WARN__DUPLICATE_METHOD_MATCH = YES;
				CODE_SIGN_IDENTITY = "iPhone Developer";
				COPY_PHASE_STRIP = NO;
				DEBUG_INFORMATION_FORMAT = "dwarf-with-dsym";
				ENABLE_NS_ASSERTIONS = NO;
				ENABLE_STRICT_OBJC_MSGSEND = YES;
				GCC_C_LANGUAGE_STANDARD = gnu11;
				GCC_NO_COMMON_BLOCKS = YES;
				GCC_WARN_64_TO_32_BIT_CONVERSION = YES;
				GCC_WARN_ABOUT_RETURN_TYPE = YES_ERROR;
				GCC_WARN_UNDECLARED_SELECTOR = YES;
				GCC_WARN_UNINITIALIZED_AUTOS = YES_AGGRESSIVE;
				GCC_WARN_UNUSED_FUNCTION = YES;
				GCC_WARN_UNUSED_VARIABLE = YES;
				IPHONEOS_DEPLOYMENT_TARGET = 11.0;
				MTL_ENABLE_DEBUG_INFO = NO;
				MTL_FAST_MATH = YES;
				SDKROOT = iphoneos;
				SWIFT_COMPILATION_MODE = wholemodule;
				SWIFT_OPTIMIZATION_LEVEL = "-O";
				VALIDATE_PRODUCT = YES;
			};
			name = Release;
		};
		104CF4A0219F59CF00CD8942 /* Debug */ = {
			isa = XCBuildConfiguration;
			baseConfigurationReference = A7D690FD40D622887FC5F808 /* Pods-AssetManagement.debug.xcconfig */;
			buildSettings = {
				ASSETCATALOG_COMPILER_APPICON_NAME = AppIcon;
				CODE_SIGN_STYLE = Automatic;
				INFOPLIST_FILE = AssetManagement/Resources/Info.plist;
				LD_RUNPATH_SEARCH_PATHS = (
					"$(inherited)",
					"@executable_path/Frameworks",
				);
				PRODUCT_BUNDLE_IDENTIFIER = com.personal.asset.AssetManagement;
				PRODUCT_NAME = "$(TARGET_NAME)";
				SWIFT_VERSION = 4.2;
				TARGETED_DEVICE_FAMILY = 1;
			};
			name = Debug;
		};
		104CF4A1219F59CF00CD8942 /* Release */ = {
			isa = XCBuildConfiguration;
			baseConfigurationReference = 5855CB078C085CB62A4B62EA /* Pods-AssetManagement.release.xcconfig */;
			buildSettings = {
				ASSETCATALOG_COMPILER_APPICON_NAME = AppIcon;
				CODE_SIGN_STYLE = Automatic;
				INFOPLIST_FILE = AssetManagement/Resources/Info.plist;
				LD_RUNPATH_SEARCH_PATHS = (
					"$(inherited)",
					"@executable_path/Frameworks",
				);
				PRODUCT_BUNDLE_IDENTIFIER = com.personal.asset.AssetManagement;
				PRODUCT_NAME = "$(TARGET_NAME)";
				SWIFT_VERSION = 4.2;
				TARGETED_DEVICE_FAMILY = 1;
			};
			name = Release;
		};
		104CF4A3219F59CF00CD8942 /* Debug */ = {
			isa = XCBuildConfiguration;
			buildSettings = {
				ALWAYS_EMBED_SWIFT_STANDARD_LIBRARIES = YES;
				BUNDLE_LOADER = "$(TEST_HOST)";
				CODE_SIGN_STYLE = Automatic;
				INFOPLIST_FILE = AssetManagementTests/Info.plist;
				LD_RUNPATH_SEARCH_PATHS = (
					"$(inherited)",
					"@executable_path/Frameworks",
					"@loader_path/Frameworks",
				);
				PRODUCT_BUNDLE_IDENTIFIER = com.personal.asset.AssetManagementTests;
				PRODUCT_NAME = "$(TARGET_NAME)";
				SWIFT_VERSION = 4.2;
				TARGETED_DEVICE_FAMILY = "1,2";
				TEST_HOST = "$(BUILT_PRODUCTS_DIR)/AssetManagement.app/AssetManagement";
			};
			name = Debug;
		};
		104CF4A4219F59CF00CD8942 /* Release */ = {
			isa = XCBuildConfiguration;
			buildSettings = {
				ALWAYS_EMBED_SWIFT_STANDARD_LIBRARIES = YES;
				BUNDLE_LOADER = "$(TEST_HOST)";
				CODE_SIGN_STYLE = Automatic;
				INFOPLIST_FILE = AssetManagementTests/Info.plist;
				LD_RUNPATH_SEARCH_PATHS = (
					"$(inherited)",
					"@executable_path/Frameworks",
					"@loader_path/Frameworks",
				);
				PRODUCT_BUNDLE_IDENTIFIER = com.personal.asset.AssetManagementTests;
				PRODUCT_NAME = "$(TARGET_NAME)";
				SWIFT_VERSION = 4.2;
				TARGETED_DEVICE_FAMILY = "1,2";
				TEST_HOST = "$(BUILT_PRODUCTS_DIR)/AssetManagement.app/AssetManagement";
			};
			name = Release;
		};
/* End XCBuildConfiguration section */

/* Begin XCConfigurationList section */
		104CF47D219F59CE00CD8942 /* Build configuration list for PBXProject "AssetManagement" */ = {
			isa = XCConfigurationList;
			buildConfigurations = (
				104CF49D219F59CF00CD8942 /* Debug */,
				104CF49E219F59CF00CD8942 /* Release */,
			);
			defaultConfigurationIsVisible = 0;
			defaultConfigurationName = Release;
		};
		104CF49F219F59CF00CD8942 /* Build configuration list for PBXNativeTarget "AssetManagement" */ = {
			isa = XCConfigurationList;
			buildConfigurations = (
				104CF4A0219F59CF00CD8942 /* Debug */,
				104CF4A1219F59CF00CD8942 /* Release */,
			);
			defaultConfigurationIsVisible = 0;
			defaultConfigurationName = Release;
		};
		104CF4A2219F59CF00CD8942 /* Build configuration list for PBXNativeTarget "AssetManagementTests" */ = {
			isa = XCConfigurationList;
			buildConfigurations = (
				104CF4A3219F59CF00CD8942 /* Debug */,
				104CF4A4219F59CF00CD8942 /* Release */,
			);
			defaultConfigurationIsVisible = 0;
			defaultConfigurationName = Release;
		};
/* End XCConfigurationList section */
	};
	rootObject = 104CF47A219F59CE00CD8942 /* Project object */;
}
